
Microsoft Visual Studio Solution File, Format Version 12.00
# Visual Studio Version 16
VisualStudioVersion = 16.0.31321.278
MinimumVisualStudioVersion = 10.0.40219.1
Project("{FAE04EC0-301F-11D3-BF4B-00C04F79EFBC}") = "Applicant.WebApp", "Applicant.WebApp\Applicant.WebApp.csproj", "{418A2C33-8B92-434D-9296-E3FAA09C7584}"
EndProject
Project("{FAE04EC0-301F-11D3-BF4B-00C04F79EFBC}") = "Applicant.WebAPI", "Applicant.WebAPI\Applicant.WebAPI.csproj", "{CA427288-DE1A-44AB-9376-D8A19B5C9B89}"
EndProject
Project("{FAE04EC0-301F-11D3-BF4B-00C04F79EFBC}") = "Applicant.Infrastructure", "Applicant.Infrastructure\Applicant.Infrastructure.csproj", "{AFB3F73B-F6B6-47ED-BE53-7C9E92DF25A7}"
EndProject
Project("{FAE04EC0-301F-11D3-BF4B-00C04F79EFBC}") = "Applicant.Core", "Applicant.Core\Applicant.Core.csproj", "{8FCD93B8-BC9B-40D0-AE55-F2FEAAA0EE34}"
EndProject
Project("{FAE04EC0-301F-11D3-BF4B-00C04F79EFBC}") = "Applicant.Application", "Applicant.Application\Applicant.Application.csproj", "{EDE74EF1-2EF0-4345-8FAE-A909376DE3A5}"
EndProject
Global
	GlobalSection(SolutionConfigurationPlatforms) = preSolution
		Debug|Any CPU = Debug|Any CPU
		Release|Any CPU = Release|Any CPU
	EndGlobalSection
	GlobalSection(ProjectConfigurationPlatforms) = postSolution
		{418A2C33-8B92-434D-9296-E3FAA09C7584}.Debug|Any CPU.ActiveCfg = Debug|Any CPU
		{418A2C33-8B92-434D-9296-E3FAA09C7584}.Debug|Any CPU.Build.0 = Debug|Any CPU
		{418A2C33-8B92-434D-9296-E3FAA09C7584}.Release|Any CPU.ActiveCfg = Release|Any CPU
		{418A2C33-8B92-434D-9296-E3FAA09C7584}.Release|Any CPU.Build.0 = Release|Any CPU
		{CA427288-DE1A-44AB-9376-D8A19B5C9B89}.Debug|Any CPU.ActiveCfg = Debug|Any CPU
		{CA427288-DE1A-44AB-9376-D8A19B5C9B89}.Debug|Any CPU.Build.0 = Debug|Any CPU
		{CA427288-DE1A-44AB-9376-D8A19B5C9B89}.Release|Any CPU.ActiveCfg = Release|Any CPU
		{CA427288-DE1A-44AB-9376-D8A19B5C9B89}.Release|Any CPU.Build.0 = Release|Any CPU
		{AFB3F73B-F6B6-47ED-BE53-7C9E92DF25A7}.Debug|Any CPU.ActiveCfg = Debug|Any CPU
		{AFB3F73B-F6B6-47ED-BE53-7C9E92DF25A7}.Debug|Any CPU.Build.0 = Debug|Any CPU
		{AFB3F73B-F6B6-47ED-BE53-7C9E92DF25A7}.Release|Any CPU.ActiveCfg = Release|Any CPU
		{AFB3F73B-F6B6-47ED-BE53-7C9E92DF25A7}.Release|Any CPU.Build.0 = Release|Any CPU
		{8FCD93B8-BC9B-40D0-AE55-F2FEAAA0EE34}.Debug|Any CPU.ActiveCfg = Debug|Any CPU
		{8FCD93B8-BC9B-40D0-AE55-F2FEAAA0EE34}.Debug|Any CPU.Build.0 = Debug|Any CPU
		{8FCD93B8-BC9B-40D0-AE55-F2FEAAA0EE34}.Release|Any CPU.ActiveCfg = Release|Any CPU
		{8FCD93B8-BC9B-40D0-AE55-F2FEAAA0EE34}.Release|Any CPU.Build.0 = Release|Any CPU
		{EDE74EF1-2EF0-4345-8FAE-A909376DE3A5}.Debug|Any CPU.ActiveCfg = Debug|Any CPU
		{EDE74EF1-2EF0-4345-8FAE-A909376DE3A5}.Debug|Any CPU.Build.0 = Debug|Any CPU
		{EDE74EF1-2EF0-4345-8FAE-A909376DE3A5}.Release|Any CPU.ActiveCfg = Release|Any CPU
		{EDE74EF1-2EF0-4345-8FAE-A909376DE3A5}.Release|Any CPU.Build.0 = Release|Any CPU
	EndGlobalSection
	GlobalSection(SolutionProperties) = preSolution
		HideSolutionNode = FALSE
	EndGlobalSection
	GlobalSection(ExtensibilityGlobals) = postSolution
		SolutionGuid = {2041510D-B0C8-46DC-9D56-A7AB2EAE63FA}
	EndGlobalSection
EndGlobal
